// !$*UTF8*$!
{
	archiveVersion = 1;
	classes = {
	};
	objectVersion = 56;
	objects = {

/* Begin PBXBuildFile section */
		DA60F69E293003DC0017D656 /* TextTools.docc in Sources */ = {isa = PBXBuildFile; fileRef = DA60F69D293003DC0017D656 /* TextTools.docc */; };
		DA60F6A4293003DC0017D656 /* TextTools.framework in Frameworks */ = {isa = PBXBuildFile; fileRef = DA60F699293003DC0017D656 /* TextTools.framework */; };
		DA60F6AA293003DC0017D656 /* TextTools.h in Headers */ = {isa = PBXBuildFile; fileRef = DA60F69C293003DC0017D656 /* TextTools.h */; settings = {ATTRIBUTES = (Public, ); }; };
		DA60F6B5293004AA0017D656 /* BufferedTextFile.m in Sources */ = {isa = PBXBuildFile; fileRef = DA60F6B3293004AA0017D656 /* BufferedTextFile.m */; };
		DA60F6B6293004AA0017D656 /* BufferedTextFile.h in Headers */ = {isa = PBXBuildFile; fileRef = DA60F6B4293004AA0017D656 /* BufferedTextFile.h */; settings = {ATTRIBUTES = (Public, ); }; };
		DA60F6B8293005E40017D656 /* BufferedTextFileTests.m in Sources */ = {isa = PBXBuildFile; fileRef = DA60F6B7293005E40017D656 /* BufferedTextFileTests.m */; };
		DA60F6BB2930066F0017D656 /* CSVParser.h in Headers */ = {isa = PBXBuildFile; fileRef = DA60F6B92930066F0017D656 /* CSVParser.h */; settings = {ATTRIBUTES = (Public, ); }; };
		DA60F6BC2930066F0017D656 /* CSVParser.m in Sources */ = {isa = PBXBuildFile; fileRef = DA60F6BA2930066F0017D656 /* CSVParser.m */; };
		DACD6FB92931313E00CD567C /* CSVParserTests.m in Sources */ = {isa = PBXBuildFile; fileRef = DACD6FB82931313E00CD567C /* CSVParserTests.m */; };
/* End PBXBuildFile section */

/* Begin PBXContainerItemProxy section */
		DA60F6A5293003DC0017D656 /* PBXContainerItemProxy */ = {
			isa = PBXContainerItemProxy;
			containerPortal = DA60F690293003DB0017D656 /* Project object */;
			proxyType = 1;
			remoteGlobalIDString = DA60F698293003DC0017D656;
			remoteInfo = TextTools;
		};
/* End PBXContainerItemProxy section */

/* Begin PBXFileReference section */
		DA60F699293003DC0017D656 /* TextTools.framework */ = {isa = PBXFileReference; explicitFileType = wrapper.framework; includeInIndex = 0; path = TextTools.framework; sourceTree = BUILT_PRODUCTS_DIR; };
		DA60F69C293003DC0017D656 /* TextTools.h */ = {isa = PBXFileReference; lastKnownFileType = sourcecode.c.h; path = TextTools.h; sourceTree = "<group>"; };
		DA60F69D293003DC0017D656 /* TextTools.docc */ = {isa = PBXFileReference; lastKnownFileType = folder.documentationcatalog; path = TextTools.docc; sourceTree = "<group>"; };
		DA60F6A3293003DC0017D656 /* TextToolsTests.xctest */ = {isa = PBXFileReference; explicitFileType = wrapper.cfbundle; includeInIndex = 0; path = TextToolsTests.xctest; sourceTree = BUILT_PRODUCTS_DIR; };
		DA60F6B3293004AA0017D656 /* BufferedTextFile.m */ = {isa = PBXFileReference; fileEncoding = 4; lastKnownFileType = sourcecode.c.objc; path = BufferedTextFile.m; sourceTree = "<group>"; };
		DA60F6B4293004AA0017D656 /* BufferedTextFile.h */ = {isa = PBXFileReference; fileEncoding = 4; lastKnownFileType = sourcecode.c.h; path = BufferedTextFile.h; sourceTree = "<group>"; };
		DA60F6B7293005E40017D656 /* BufferedTextFileTests.m */ = {isa = PBXFileReference; lastKnownFileType = sourcecode.c.objc; path = BufferedTextFileTests.m; sourceTree = "<group>"; };
		DA60F6B92930066F0017D656 /* CSVParser.h */ = {isa = PBXFileReference; lastKnownFileType = sourcecode.c.h; path = CSVParser.h; sourceTree = "<group>"; };
		DA60F6BA2930066F0017D656 /* CSVParser.m */ = {isa = PBXFileReference; lastKnownFileType = sourcecode.c.objc; path = CSVParser.m; sourceTree = "<group>"; };
		DACD6FB82931313E00CD567C /* CSVParserTests.m */ = {isa = PBXFileReference; lastKnownFileType = sourcecode.c.objc; path = CSVParserTests.m; sourceTree = "<group>"; };
/* End PBXFileReference section */

/* Begin PBXFrameworksBuildPhase section */
		DA60F696293003DC0017D656 /* Frameworks */ = {
			isa = PBXFrameworksBuildPhase;
			buildActionMask = 2147483647;
			files = (
			);
			runOnlyForDeploymentPostprocessing = 0;
		};
		DA60F6A0293003DC0017D656 /* Frameworks */ = {
			isa = PBXFrameworksBuildPhase;
			buildActionMask = 2147483647;
			files = (
				DA60F6A4293003DC0017D656 /* TextTools.framework in Frameworks */,
			);
			runOnlyForDeploymentPostprocessing = 0;
		};
/* End PBXFrameworksBuildPhase section */

/* Begin PBXGroup section */
		DA60F68F293003DB0017D656 = {
			isa = PBXGroup;
			children = (
				DA60F69B293003DC0017D656 /* TextTools */,
				DA60F6A7293003DC0017D656 /* TextToolsTests */,
				DA60F69A293003DC0017D656 /* Products */,
			);
			sourceTree = "<group>";
		};
		DA60F69A293003DC0017D656 /* Products */ = {
			isa = PBXGroup;
			children = (
				DA60F699293003DC0017D656 /* TextTools.framework */,
				DA60F6A3293003DC0017D656 /* TextToolsTests.xctest */,
			);
			name = Products;
			sourceTree = "<group>";
		};
		DA60F69B293003DC0017D656 /* TextTools */ = {
			isa = PBXGroup;
			children = (
				DA60F69C293003DC0017D656 /* TextTools.h */,
				DA60F6B4293004AA0017D656 /* BufferedTextFile.h */,
				DA60F6B3293004AA0017D656 /* BufferedTextFile.m */,
				DA60F6B92930066F0017D656 /* CSVParser.h */,
				DA60F6BA2930066F0017D656 /* CSVParser.m */,
				DA60F69D293003DC0017D656 /* TextTools.docc */,
			);
			path = TextTools;
			sourceTree = "<group>";
		};
		DA60F6A7293003DC0017D656 /* TextToolsTests */ = {
			isa = PBXGroup;
			children = (
				DA60F6B7293005E40017D656 /* BufferedTextFileTests.m */,
				DACD6FB82931313E00CD567C /* CSVParserTests.m */,
			);
			path = TextToolsTests;
			sourceTree = "<group>";
		};
/* End PBXGroup section */

/* Begin PBXHeadersBuildPhase section */
		DA60F694293003DC0017D656 /* Headers */ = {
			isa = PBXHeadersBuildPhase;
			buildActionMask = 2147483647;
			files = (
				DA60F6B6293004AA0017D656 /* BufferedTextFile.h in Headers */,
				DA60F6BB2930066F0017D656 /* CSVParser.h in Headers */,
				DA60F6AA293003DC0017D656 /* TextTools.h in Headers */,
			);
			runOnlyForDeploymentPostprocessing = 0;
		};
/* End PBXHeadersBuildPhase section */

/* Begin PBXNativeTarget section */
		DA60F698293003DC0017D656 /* TextTools */ = {
			isa = PBXNativeTarget;
			buildConfigurationList = DA60F6AD293003DC0017D656 /* Build configuration list for PBXNativeTarget "TextTools" */;
			buildPhases = (
				DA60F694293003DC0017D656 /* Headers */,
				DA60F695293003DC0017D656 /* Sources */,
				DA60F696293003DC0017D656 /* Frameworks */,
				DA60F697293003DC0017D656 /* Resources */,
			);
			buildRules = (
			);
			dependencies = (
			);
			name = TextTools;
			productName = TextTools;
			productReference = DA60F699293003DC0017D656 /* TextTools.framework */;
			productType = "com.apple.product-type.framework";
		};
		DA60F6A2293003DC0017D656 /* TextToolsTests */ = {
			isa = PBXNativeTarget;
			buildConfigurationList = DA60F6B0293003DC0017D656 /* Build configuration list for PBXNativeTarget "TextToolsTests" */;
			buildPhases = (
				DA60F69F293003DC0017D656 /* Sources */,
				DA60F6A0293003DC0017D656 /* Frameworks */,
				DA60F6A1293003DC0017D656 /* Resources */,
			);
			buildRules = (
			);
			dependencies = (
				DA60F6A6293003DC0017D656 /* PBXTargetDependency */,
			);
			name = TextToolsTests;
			productName = TextToolsTests;
			productReference = DA60F6A3293003DC0017D656 /* TextToolsTests.xctest */;
			productType = "com.apple.product-type.bundle.unit-test";
		};
/* End PBXNativeTarget section */

/* Begin PBXProject section */
		DA60F690293003DB0017D656 /* Project object */ = {
			isa = PBXProject;
			attributes = {
				BuildIndependentTargetsInParallel = 1;
				LastUpgradeCheck = 1410;
				TargetAttributes = {
					DA60F698293003DC0017D656 = {
						CreatedOnToolsVersion = 14.1;
					};
					DA60F6A2293003DC0017D656 = {
						CreatedOnToolsVersion = 14.1;
					};
				};
			};
			buildConfigurationList = DA60F693293003DB0017D656 /* Build configuration list for PBXProject "TextTools" */;
			compatibilityVersion = "Xcode 14.0";
			developmentRegion = en;
			hasScannedForEncodings = 0;
			knownRegions = (
				en,
				Base,
			);
			mainGroup = DA60F68F293003DB0017D656;
			productRefGroup = DA60F69A293003DC0017D656 /* Products */;
			projectDirPath = "";
			projectRoot = "";
			targets = (
				DA60F698293003DC0017D656 /* TextTools */,
				DA60F6A2293003DC0017D656 /* TextToolsTests */,
			);
		};
/* End PBXProject section */

/* Begin PBXResourcesBuildPhase section */
		DA60F697293003DC0017D656 /* Resources */ = {
			isa = PBXResourcesBuildPhase;
			buildActionMask = 2147483647;
			files = (
			);
			runOnlyForDeploymentPostprocessing = 0;
		};
		DA60F6A1293003DC0017D656 /* Resources */ = {
			isa = PBXResourcesBuildPhase;
			buildActionMask = 2147483647;
			files = (
			);
			runOnlyForDeploymentPostprocessing = 0;
		};
/* End PBXResourcesBuildPhase section */

/* Begin PBXSourcesBuildPhase section */
		DA60F695293003DC0017D656 /* Sources */ = {
			isa = PBXSourcesBuildPhase;
			buildActionMask = 2147483647;
			files = (
				DA60F69E293003DC0017D656 /* TextTools.docc in Sources */,
				DA60F6BC2930066F0017D656 /* CSVParser.m in Sources */,
				DA60F6B5293004AA0017D656 /* BufferedTextFile.m in Sources */,
			);
			runOnlyForDeploymentPostprocessing = 0;
		};
		DA60F69F293003DC0017D656 /* Sources */ = {
			isa = PBXSourcesBuildPhase;
			buildActionMask = 2147483647;
			files = (
				DACD6FB92931313E00CD567C /* CSVParserTests.m in Sources */,
				DA60F6B8293005E40017D656 /* BufferedTextFileTests.m in Sources */,
			);
			runOnlyForDeploymentPostprocessing = 0;
		};
/* End PBXSourcesBuildPhase section */

/* Begin PBXTargetDependency section */
		DA60F6A6293003DC0017D656 /* PBXTargetDependency */ = {
			isa = PBXTargetDependency;
			target = DA60F698293003DC0017D656 /* TextTools */;
			targetProxy = DA60F6A5293003DC0017D656 /* PBXContainerItemProxy */;
		};
/* End PBXTargetDependency section */

/* Begin XCBuildConfiguration section */
		DA60F6AB293003DC0017D656 /* Debug */ = {
			isa = XCBuildConfiguration;
			buildSettings = {
				ALWAYS_SEARCH_USER_PATHS = NO;
				CLANG_ANALYZER_NONNULL = YES;
				CLANG_ANALYZER_NUMBER_OBJECT_CONVERSION = YES_AGGRESSIVE;
				CLANG_CXX_LANGUAGE_STANDARD = "gnu++20";
				CLANG_ENABLE_MODULES = YES;
				CLANG_ENABLE_OBJC_ARC = YES;
				CLANG_ENABLE_OBJC_WEAK = YES;
				CLANG_WARN_BLOCK_CAPTURE_AUTORELEASING = YES;
				CLANG_WARN_BOOL_CONVERSION = YES;
				CLANG_WARN_COMMA = YES;
				CLANG_WARN_CONSTANT_CONVERSION = YES;
				CLANG_WARN_DEPRECATED_OBJC_IMPLEMENTATIONS = YES;
				CLANG_WARN_DIRECT_OBJC_ISA_USAGE = YES_ERROR;
				CLANG_WARN_DOCUMENTATION_COMMENTS = YES;
				CLANG_WARN_EMPTY_BODY = YES;
				CLANG_WARN_ENUM_CONVERSION = YES;
				CLANG_WARN_INFINITE_RECURSION = YES;
				CLANG_WARN_INT_CONVERSION = YES;
				CLANG_WARN_NON_LITERAL_NULL_CONVERSION = YES;
				CLANG_WARN_OBJC_IMPLICIT_RETAIN_SELF = YES;
				CLANG_WARN_OBJC_LITERAL_CONVERSION = YES;
				CLANG_WARN_OBJC_ROOT_CLASS = YES_ERROR;
				CLANG_WARN_QUOTED_INCLUDE_IN_FRAMEWORK_HEADER = YES;
				CLANG_WARN_RANGE_LOOP_ANALYSIS = YES;
				CLANG_WARN_STRICT_PROTOTYPES = YES;
				CLANG_WARN_SUSPICIOUS_MOVE = YES;
				CLANG_WARN_UNGUARDED_AVAILABILITY = YES_AGGRESSIVE;
				CLANG_WARN_UNREACHABLE_CODE = YES;
				CLANG_WARN__DUPLICATE_METHOD_MATCH = YES;
				COPY_PHASE_STRIP = NO;
				CURRENT_PROJECT_VERSION = 1;
				DEBUG_INFORMATION_FORMAT = dwarf;
				ENABLE_STRICT_OBJC_MSGSEND = YES;
				ENABLE_TESTABILITY = YES;
				GCC_C_LANGUAGE_STANDARD = gnu11;
				GCC_DYNAMIC_NO_PIC = NO;
				GCC_NO_COMMON_BLOCKS = YES;
				GCC_OPTIMIZATION_LEVEL = 0;
				GCC_PREPROCESSOR_DEFINITIONS = (
					"DEBUG=1",
					"$(inherited)",
				);
				GCC_WARN_64_TO_32_BIT_CONVERSION = YES;
				GCC_WARN_ABOUT_RETURN_TYPE = YES_ERROR;
				GCC_WARN_UNDECLARED_SELECTOR = YES;
				GCC_WARN_UNINITIALIZED_AUTOS = YES_AGGRESSIVE;
				GCC_WARN_UNUSED_FUNCTION = YES;
				GCC_WARN_UNUSED_VARIABLE = YES;
				MACOSX_DEPLOYMENT_TARGET = 13.0;
				MTL_ENABLE_DEBUG_INFO = INCLUDE_SOURCE;
				MTL_FAST_MATH = YES;
				ONLY_ACTIVE_ARCH = YES;
				SDKROOT = macosx;
				VERSIONING_SYSTEM = "apple-generic";
				VERSION_INFO_PREFIX = "";
			};
			name = Debug;
		};
		DA60F6AC293003DC0017D656 /* Release */ = {
			isa = XCBuildConfiguration;
			buildSettings = {
				ALWAYS_SEARCH_USER_PATHS = NO;
				CLANG_ANALYZER_NONNULL = YES;
				CLANG_ANALYZER_NUMBER_OBJECT_CONVERSION = YES_AGGRESSIVE;
				CLANG_CXX_LANGUAGE_STANDARD = "gnu++20";
				CLANG_ENABLE_MODULES = YES;
				CLANG_ENABLE_OBJC_ARC = YES;
				CLANG_ENABLE_OBJC_WEAK = YES;
				CLANG_WARN_BLOCK_CAPTURE_AUTORELEASING = YES;
				CLANG_WARN_BOOL_CONVERSION = YES;
				CLANG_WARN_COMMA = YES;
				CLANG_WARN_CONSTANT_CONVERSION = YES;
				CLANG_WARN_DEPRECATED_OBJC_IMPLEMENTATIONS = YES;
				CLANG_WARN_DIRECT_OBJC_ISA_USAGE = YES_ERROR;
				CLANG_WARN_DOCUMENTATION_COMMENTS = YES;
				CLANG_WARN_EMPTY_BODY = YES;
				CLANG_WARN_ENUM_CONVERSION = YES;
				CLANG_WARN_INFINITE_RECURSION = YES;
				CLANG_WARN_INT_CONVERSION = YES;
				CLANG_WARN_NON_LITERAL_NULL_CONVERSION = YES;
				CLANG_WARN_OBJC_IMPLICIT_RETAIN_SELF = YES;
				CLANG_WARN_OBJC_LITERAL_CONVERSION = YES;
				CLANG_WARN_OBJC_ROOT_CLASS = YES_ERROR;
				CLANG_WARN_QUOTED_INCLUDE_IN_FRAMEWORK_HEADER = YES;
				CLANG_WARN_RANGE_LOOP_ANALYSIS = YES;
				CLANG_WARN_STRICT_PROTOTYPES = YES;
				CLANG_WARN_SUSPICIOUS_MOVE = YES;
				CLANG_WARN_UNGUARDED_AVAILABILITY = YES_AGGRESSIVE;
				CLANG_WARN_UNREACHABLE_CODE = YES;
				CLANG_WARN__DUPLICATE_METHOD_MATCH = YES;
				COPY_PHASE_STRIP = NO;
				CURRENT_PROJECT_VERSION = 1;
				DEBUG_INFORMATION_FORMAT = "dwarf-with-dsym";
				ENABLE_NS_ASSERTIONS = NO;
				ENABLE_STRICT_OBJC_MSGSEND = YES;
				GCC_C_LANGUAGE_STANDARD = gnu11;
				GCC_NO_COMMON_BLOCKS = YES;
				GCC_WARN_64_TO_32_BIT_CONVERSION = YES;
				GCC_WARN_ABOUT_RETURN_TYPE = YES_ERROR;
				GCC_WARN_UNDECLARED_SELECTOR = YES;
				GCC_WARN_UNINITIALIZED_AUTOS = YES_AGGRESSIVE;
				GCC_WARN_UNUSED_FUNCTION = YES;
				GCC_WARN_UNUSED_VARIABLE = YES;
				MACOSX_DEPLOYMENT_TARGET = 13.0;
				MTL_ENABLE_DEBUG_INFO = NO;
				MTL_FAST_MATH = YES;
				SDKROOT = macosx;
				VERSIONING_SYSTEM = "apple-generic";
				VERSION_INFO_PREFIX = "";
			};
			name = Release;
		};
		DA60F6AE293003DC0017D656 /* Debug */ = {
			isa = XCBuildConfiguration;
			buildSettings = {
				CODE_SIGN_STYLE = Automatic;
				COMBINE_HIDPI_IMAGES = YES;
				CURRENT_PROJECT_VERSION = 1;
				DEFINES_MODULE = YES;
				DYLIB_COMPATIBILITY_VERSION = 1;
				DYLIB_CURRENT_VERSION = 1;
				DYLIB_INSTALL_NAME_BASE = "@rpath";
				GENERATE_INFOPLIST_FILE = YES;
				INFOPLIST_KEY_NSHumanReadableCopyright = "";
				INSTALL_PATH = "$(LOCAL_LIBRARY_DIR)/Frameworks";
				LD_RUNPATH_SEARCH_PATHS = (
					"$(inherited)",
					"@executable_path/../Frameworks",
					"@loader_path/Frameworks",
				);
				MARKETING_VERSION = 1.0;
				PRODUCT_BUNDLE_IDENTIFIER = com.github.Yuri6037.TextTools;
				PRODUCT_NAME = "$(TARGET_NAME:c99extidentifier)";
				SKIP_INSTALL = YES;
				SUPPORTED_PLATFORMS = "iphoneos iphonesimulator macosx";
				SUPPORTS_MACCATALYST = NO;
				SUPPORTS_MAC_DESIGNED_FOR_IPHONE_IPAD = NO;
				SWIFT_EMIT_LOC_STRINGS = YES;
				TARGETED_DEVICE_FAMILY = "1,2";
			};
			name = Debug;
		};
		DA60F6AF293003DC0017D656 /* Release */ = {
			isa = XCBuildConfiguration;
			buildSettings = {
				CODE_SIGN_STYLE = Automatic;
				COMBINE_HIDPI_IMAGES = YES;
				CURRENT_PROJECT_VERSION = 1;
				DEFINES_MODULE = YES;
				DYLIB_COMPATIBILITY_VERSION = 1;
				DYLIB_CURRENT_VERSION = 1;
				DYLIB_INSTALL_NAME_BASE = "@rpath";
				GENERATE_INFOPLIST_FILE = YES;
				INFOPLIST_KEY_NSHumanReadableCopyright = "";
				INSTALL_PATH = "$(LOCAL_LIBRARY_DIR)/Frameworks";
				LD_RUNPATH_SEARCH_PATHS = (
					"$(inherited)",
					"@executable_path/../Frameworks",
					"@loader_path/Frameworks",
				);
				MARKETING_VERSION = 1.0;
				PRODUCT_BUNDLE_IDENTIFIER = com.github.Yuri6037.TextTools;
				PRODUCT_NAME = "$(TARGET_NAME:c99extidentifier)";
				SKIP_INSTALL = YES;
				SUPPORTED_PLATFORMS = "iphoneos iphonesimulator macosx";
				SUPPORTS_MACCATALYST = NO;
				SUPPORTS_MAC_DESIGNED_FOR_IPHONE_IPAD = NO;
				SWIFT_EMIT_LOC_STRINGS = YES;
				TARGETED_DEVICE_FAMILY = "1,2";
			};
			name = Release;
		};
		DA60F6B1293003DC0017D656 /* Debug */ = {
			isa = XCBuildConfiguration;
			buildSettings = {
				CODE_SIGN_STYLE = Automatic;
				CURRENT_PROJECT_VERSION = 1;
				GENERATE_INFOPLIST_FILE = YES;
				MARKETING_VERSION = 1.0;
				PRODUCT_BUNDLE_IDENTIFIER = com.github.Yuri6037.TextToolsTests;
				PRODUCT_NAME = "$(TARGET_NAME)";
				SWIFT_EMIT_LOC_STRINGS = NO;
			};
			name = Debug;
		};
		DA60F6B2293003DC0017D656 /* Release */ = {
			isa = XCBuildConfiguration;
			buildSettings = {
				CODE_SIGN_STYLE = Automatic;
				CURRENT_PROJECT_VERSION = 1;
				GENERATE_INFOPLIST_FILE = YES;
				MARKETING_VERSION = 1.0;
				PRODUCT_BUNDLE_IDENTIFIER = com.github.Yuri6037.TextToolsTests;
				PRODUCT_NAME = "$(TARGET_NAME)";
				SWIFT_EMIT_LOC_STRINGS = NO;
			};
			name = Release;
		};
/* End XCBuildConfiguration section */

/* Begin XCConfigurationList section */
		DA60F693293003DB0017D656 /* Build configuration list for PBXProject "TextTools" */ = {
			isa = XCConfigurationList;
			buildConfigurations = (
				DA60F6AB293003DC0017D656 /* Debug */,
				DA60F6AC293003DC0017D656 /* Release */,
			);
			defaultConfigurationIsVisible = 0;
			defaultConfigurationName = Release;
		};
		DA60F6AD293003DC0017D656 /* Build configuration list for PBXNativeTarget "TextTools" */ = {
			isa = XCConfigurationList;
			buildConfigurations = (
				DA60F6AE293003DC0017D656 /* Debug */,
				DA60F6AF293003DC0017D656 /* Release */,
			);
			defaultConfigurationIsVisible = 0;
			defaultConfigurationName = Release;
		};
		DA60F6B0293003DC0017D656 /* Build configuration list for PBXNativeTarget "TextToolsTests" */ = {
			isa = XCConfigurationList;
			buildConfigurations = (
				DA60F6B1293003DC0017D656 /* Debug */,
				DA60F6B2293003DC0017D656 /* Release */,
			);
			defaultConfigurationIsVisible = 0;
			defaultConfigurationName = Release;
		};
/* End XCConfigurationList section */
	};
	rootObject = DA60F690293003DB0017D656 /* Project object */;
}
